
Microsoft Visual Studio Solution File, Format Version 12.00
# Visual Studio 15
VisualStudioVersion = 15.0.28307.1300
MinimumVisualStudioVersion = 10.0.40219.1
Project("{8BC9CEB8-8B4A-11D0-8D11-00A0C91BC942}") = "HW3", "HW2.vcxproj", "{B5B73D56-DA94-4F9E-B7DB-225FC915DB33}"
EndProject
Global
	GlobalSection(SolutionConfigurationPlatforms) = preSolution
		Debug|x64 = Debug|x64
		Debug|x86 = Debug|x86
		Release|x64 = Release|x64
		Release|x86 = Release|x86
	EndGlobalSection
	GlobalSection(ProjectConfigurationPlatforms) = postSolution
		{B5B73D56-DA94-4F9E-B7DB-225FC915DB33}.Debug|x64.ActiveCfg = Debug|x64
		{B5B73D56-DA94-4F9E-B7DB-225FC915DB33}.Debug|x64.Build.0 = Debug|x64
		{B5B73D56-DA94-4F9E-B7DB-225FC915DB33}.Debug|x86.ActiveCfg = Debug|Win32
		{B5B73D56-DA94-4F9E-B7DB-225FC915DB33}.Debug|x86.Build.0 = Debug|Win32
		{B5B73D56-DA94-4F9E-B7DB-225FC915DB33}.Release|x64.ActiveCfg = Release|x64
		{B5B73D56-DA94-4F9E-B7DB-225FC915DB33}.Release|x64.Build.0 = Release|x64
		{B5B73D56-DA94-4F9E-B7DB-225FC915DB33}.Release|x86.ActiveCfg = Release|Win32
		{B5B73D56-DA94-4F9E-B7DB-225FC915DB33}.Release|x86.Build.0 = Release|Win32
	EndGlobalSection
	GlobalSection(SolutionProperties) = preSolution
		HideSolutionNode = FALSE
	EndGlobalSection
	GlobalSection(ExtensibilityGlobals) = postSolution
		SolutionGuid = {DBDE9089-718B-41E0-ABD1-90FC4A2EDD43}
	EndGlobalSection
EndGlobal
